
Microsoft Visual Studio Solution File, Format Version 12.00
Project("{2150E333-8FDC-42A3-9474-1A3956D46DE8}") = "Aspire", "Aspire", "{BA7AE74C-69CE-4469-95A4-59AEB4E187FE}"
EndProject
Project("{2150E333-8FDC-42A3-9474-1A3956D46DE8}") = "Company", "Company", "{627453AB-D968-4970-BB9A-E04D40130DCF}"
EndProject
Project("{FAE04EC0-301F-11D3-BF4B-00C04F79EFBC}") = "ProperTea.Company.Domain", "ProperTea.Company\ProperTea.Company.Domain\ProperTea.Company.Domain.csproj", "{2813E7DA-A22C-43AE-B26A-1E6C638D8940}"
EndProject
Project("{2150E333-8FDC-42A3-9474-1A3956D46DE8}") = "Shared", "Shared", "{6F5D3E70-ED68-4003-8DAC-C9F44FF16F60}"
EndProject
Project("{FAE04EC0-301F-11D3-BF4B-00C04F79EFBC}") = "ProperTea.Company.Application", "ProperTea.Company\ProperTea.Company.Application\ProperTea.Company.Application.csproj", "{8DA011D3-9C90-4327-93DE-BD82D6A50333}"
EndProject
Project("{FAE04EC0-301F-11D3-BF4B-00C04F79EFBC}") = "ProperTea.Company.Infrastructure", "ProperTea.Company\ProperTea.Company.Infrastructure\ProperTea.Company.Infrastructure.csproj", "{3346F419-E5CA-47D8-BBE5-D8B6534BF173}"
EndProject
Project("{FAE04EC0-301F-11D3-BF4B-00C04F79EFBC}") = "ProperTea.Company.Api", "ProperTea.Company\ProperTea.Company.Api\ProperTea.Company.Api.csproj", "{A8E76893-0D88-49B3-9DEB-5309825C42D1}"
EndProject
Project("{FAE04EC0-301F-11D3-BF4B-00C04F79EFBC}") = "ProperTea.Server.AppHost", "Aspire\ProperTea.Server.AppHost\ProperTea.Server.AppHost.csproj", "{D1D4CE42-D4D8-4D48-9670-25D586CDEF33}"
EndProject
Project("{FAE04EC0-301F-11D3-BF4B-00C04F79EFBC}") = "ProperTea.Shared.ServiceDefaults", "Shared\ProperTea.Shared.ServiceDefaults\ProperTea.Shared.ServiceDefaults.csproj", "{2F979706-C7EA-4D09-BC0A-E1F6AB3E3DEA}"
EndProject
Project("{FAE04EC0-301F-11D3-BF4B-00C04F79EFBC}") = "ProperTea.Company.MigrationService", "ProperTea.Company\ProperTea.Company.MigrationService\ProperTea.Company.MigrationService.csproj", "{C5DAC26C-19D9-4498-B208-CE7C605B93A7}"
EndProject
Project("{2150E333-8FDC-42A3-9474-1A3956D46DE8}") = "Organization", "Organization", "{1F373773-B0A7-48C9-A8AB-C2EF7A1C6C7C}"
EndProject
Project("{FAE04EC0-301F-11D3-BF4B-00C04F79EFBC}") = "ProperTea.Organization.Api", "ProperTea.Organization\ProperTea.Organization.Api\ProperTea.Organization.Api.csproj", "{FD6C0ECF-5AB9-4B4A-96C7-41F73C6D5BC2}"
EndProject
Project("{2150E333-8FDC-42A3-9474-1A3956D46DE8}") = "Identity", "Identity", "{2BA67E17-BC6D-48B0-B398-1CFE23B76116}"
EndProject
Project("{2150E333-8FDC-42A3-9474-1A3956D46DE8}") = "SystemUser", "SystemUser", "{FD5B755B-D4A7-4A13-AE80-7B0E0D073593}"
EndProject
Project("{FAE04EC0-301F-11D3-BF4B-00C04F79EFBC}") = "ProperTea.SystemUser.Api", "ProperTea.SystemUser\ProperTea.SystemUser.Api\ProperTea.SystemUser.Api.csproj", "{321AEF44-81C1-4BA0-B76B-AD2D953F31F6}"
EndProject
Project("{FAE04EC0-301F-11D3-BF4B-00C04F79EFBC}") = "ProperTea.Identity.Api", "ProperTea.Identity\ProperTea.Identity.Api\ProperTea.Identity.Api.csproj", "{0DAD21E0-95A0-4059-8CDA-EEFA125BDDFD}"
EndProject
Project("{FAE04EC0-301F-11D3-BF4B-00C04F79EFBC}") = "ProperTea.Shared.Domain", "Shared\ProperTea.Shared.Domain\ProperTea.Shared.Domain.csproj", "{A75690AB-F160-47CB-B52C-7289EF356DDD}"
EndProject
Project("{FAE04EC0-301F-11D3-BF4B-00C04F79EFBC}") = "ProperTea.Shared.Application", "Shared\ProperTea.Shared.Application\ProperTea.Shared.Application.csproj", "{DA05DBE3-A346-468D-897E-BB3E957346D9}"
EndProject
Project("{FAE04EC0-301F-11D3-BF4B-00C04F79EFBC}") = "ProperTea.Shared.Infrastructure", "Shared\ProperTea.Shared.Infrastructure\ProperTea.Shared.Infrastructure.csproj", "{63467719-D809-4B8D-9F98-1F7AF4682AF8}"
EndProject
Project("{FAE04EC0-301F-11D3-BF4B-00C04F79EFBC}") = "ProperTea.Shared.Api", "Shared\ProperTea.Shared.Api\ProperTea.Shared.Api.csproj", "{22E7DDCC-06E0-47CD-BAF5-0528AE37C407}"
EndProject
Project("{FAE04EC0-301F-11D3-BF4B-00C04F79EFBC}") = "ProperTea.Shared.Infrastructure.Data.Ef", "Shared\ProperTea.Shared.Infrastructure.Data.Ef\ProperTea.Shared.Infrastructure.Data.Ef.csproj", "{70093C65-FD7A-4AB4-B763-894B6D26B6E3}"
EndProject
Project("{FAE04EC0-301F-11D3-BF4B-00C04F79EFBC}") = "ProperTea.Organization.Domain", "ProperTea.Organization\ProperTea.Organization.Domain\ProperTea.Organization.Domain.csproj", "{266A0002-B7D3-4CF1-AE87-673DE740C6EF}"
EndProject
Project("{FAE04EC0-301F-11D3-BF4B-00C04F79EFBC}") = "ProperTea.Organization.Application", "ProperTea.Organization\ProperTea.Organization.Application\ProperTea.Organization.Application.csproj", "{0246FB77-3DCF-4BD6-8881-08CEFAD713CA}"
EndProject
Project("{FAE04EC0-301F-11D3-BF4B-00C04F79EFBC}") = "ProperTea.Organization.Infrastructure", "ProperTea.Organization\ProperTea.Organization.Infrastructure\ProperTea.Organization.Infrastructure.csproj", "{7B27ED22-7A69-45E8-9999-6D1A02AA24ED}"
EndProject
Project("{FAE04EC0-301F-11D3-BF4B-00C04F79EFBC}") = "ProperTea.Organization.MigrationService", "ProperTea.Organization\ProperTea.Organization.MigrationService\ProperTea.Organization.MigrationService.csproj", "{DD2B1C10-6F89-4F7F-A28D-FFA6EF8B9309}"
EndProject
Project("{FAE04EC0-301F-11D3-BF4B-00C04F79EFBC}") = "ProperTea.SystemUser.Domain", "ProperTea.SystemUser\ProperTea.SystemUser.Domain\ProperTea.SystemUser.Domain.csproj", "{BE3DA515-04BA-4773-A56C-308643E490EE}"
EndProject
Project("{FAE04EC0-301F-11D3-BF4B-00C04F79EFBC}") = "ProperTea.SystemUser.Application", "ProperTea.SystemUser\ProperTea.SystemUser.Application\ProperTea.SystemUser.Application.csproj", "{F4999175-559C-4A54-9670-34F9EAEAB5E9}"
EndProject
Project("{FAE04EC0-301F-11D3-BF4B-00C04F79EFBC}") = "ProperTea.SystemUser.Infrastructure", "ProperTea.SystemUser\ProperTea.SystemUser.Infrastructure\ProperTea.SystemUser.Infrastructure.csproj", "{90705329-1432-4691-BE41-24C33CDE6A2F}"
EndProject
Project("{FAE04EC0-301F-11D3-BF4B-00C04F79EFBC}") = "ProperTea.SystemUser.MigrationService", "ProperTea.SystemUser\ProperTea.SystemUser.MigrationService\ProperTea.SystemUser.MigrationService.csproj", "{E2CDB905-DFD6-431F-9484-D4A57D1974CC}"
EndProject
Project("{2150E333-8FDC-42A3-9474-1A3956D46DE8}") = "LandlordPortal", "LandlordPortal", "{2FA2FD60-862C-4B8A-AE30-4161406033B6}"
EndProject
Project("{FAE04EC0-301F-11D3-BF4B-00C04F79EFBC}") = "ProperTea.LandlordPortal.Gateway", "ProperTea.LandlordPortal\ProperTea.LandlordPortal.Gateway\ProperTea.LandlordPortal.Gateway.csproj", "{712979EA-492B-4B1A-8E69-1B78345AE85B}"
EndProject
Global
	GlobalSection(SolutionConfigurationPlatforms) = preSolution
		Debug|Any CPU = Debug|Any CPU
		Release|Any CPU = Release|Any CPU
	EndGlobalSection
	GlobalSection(NestedProjects) = preSolution
		{2813E7DA-A22C-43AE-B26A-1E6C638D8940} = {627453AB-D968-4970-BB9A-E04D40130DCF}
		{8DA011D3-9C90-4327-93DE-BD82D6A50333} = {627453AB-D968-4970-BB9A-E04D40130DCF}
		{3346F419-E5CA-47D8-BBE5-D8B6534BF173} = {627453AB-D968-4970-BB9A-E04D40130DCF}
		{A8E76893-0D88-49B3-9DEB-5309825C42D1} = {627453AB-D968-4970-BB9A-E04D40130DCF}
		{D1D4CE42-D4D8-4D48-9670-25D586CDEF33} = {BA7AE74C-69CE-4469-95A4-59AEB4E187FE}
		{2F979706-C7EA-4D09-BC0A-E1F6AB3E3DEA} = {6F5D3E70-ED68-4003-8DAC-C9F44FF16F60}
		{C5DAC26C-19D9-4498-B208-CE7C605B93A7} = {627453AB-D968-4970-BB9A-E04D40130DCF}
		{FD6C0ECF-5AB9-4B4A-96C7-41F73C6D5BC2} = {1F373773-B0A7-48C9-A8AB-C2EF7A1C6C7C}
		{321AEF44-81C1-4BA0-B76B-AD2D953F31F6} = {FD5B755B-D4A7-4A13-AE80-7B0E0D073593}
		{0DAD21E0-95A0-4059-8CDA-EEFA125BDDFD} = {2BA67E17-BC6D-48B0-B398-1CFE23B76116}
		{A75690AB-F160-47CB-B52C-7289EF356DDD} = {6F5D3E70-ED68-4003-8DAC-C9F44FF16F60}
		{DA05DBE3-A346-468D-897E-BB3E957346D9} = {6F5D3E70-ED68-4003-8DAC-C9F44FF16F60}
		{63467719-D809-4B8D-9F98-1F7AF4682AF8} = {6F5D3E70-ED68-4003-8DAC-C9F44FF16F60}
		{22E7DDCC-06E0-47CD-BAF5-0528AE37C407} = {6F5D3E70-ED68-4003-8DAC-C9F44FF16F60}
		{70093C65-FD7A-4AB4-B763-894B6D26B6E3} = {6F5D3E70-ED68-4003-8DAC-C9F44FF16F60}
		{266A0002-B7D3-4CF1-AE87-673DE740C6EF} = {1F373773-B0A7-48C9-A8AB-C2EF7A1C6C7C}
		{0246FB77-3DCF-4BD6-8881-08CEFAD713CA} = {1F373773-B0A7-48C9-A8AB-C2EF7A1C6C7C}
		{7B27ED22-7A69-45E8-9999-6D1A02AA24ED} = {1F373773-B0A7-48C9-A8AB-C2EF7A1C6C7C}
		{DD2B1C10-6F89-4F7F-A28D-FFA6EF8B9309} = {1F373773-B0A7-48C9-A8AB-C2EF7A1C6C7C}
		{BE3DA515-04BA-4773-A56C-308643E490EE} = {FD5B755B-D4A7-4A13-AE80-7B0E0D073593}
		{F4999175-559C-4A54-9670-34F9EAEAB5E9} = {FD5B755B-D4A7-4A13-AE80-7B0E0D073593}
		{90705329-1432-4691-BE41-24C33CDE6A2F} = {FD5B755B-D4A7-4A13-AE80-7B0E0D073593}
		{E2CDB905-DFD6-431F-9484-D4A57D1974CC} = {FD5B755B-D4A7-4A13-AE80-7B0E0D073593}
		{712979EA-492B-4B1A-8E69-1B78345AE85B} = {2FA2FD60-862C-4B8A-AE30-4161406033B6}
	EndGlobalSection
	GlobalSection(ProjectConfigurationPlatforms) = postSolution
		{2813E7DA-A22C-43AE-B26A-1E6C638D8940}.Debug|Any CPU.ActiveCfg = Debug|Any CPU
		{2813E7DA-A22C-43AE-B26A-1E6C638D8940}.Debug|Any CPU.Build.0 = Debug|Any CPU
		{2813E7DA-A22C-43AE-B26A-1E6C638D8940}.Release|Any CPU.ActiveCfg = Release|Any CPU
		{2813E7DA-A22C-43AE-B26A-1E6C638D8940}.Release|Any CPU.Build.0 = Release|Any CPU
		{8DA011D3-9C90-4327-93DE-BD82D6A50333}.Debug|Any CPU.ActiveCfg = Debug|Any CPU
		{8DA011D3-9C90-4327-93DE-BD82D6A50333}.Debug|Any CPU.Build.0 = Debug|Any CPU
		{8DA011D3-9C90-4327-93DE-BD82D6A50333}.Release|Any CPU.ActiveCfg = Release|Any CPU
		{8DA011D3-9C90-4327-93DE-BD82D6A50333}.Release|Any CPU.Build.0 = Release|Any CPU
		{3346F419-E5CA-47D8-BBE5-D8B6534BF173}.Debug|Any CPU.ActiveCfg = Debug|Any CPU
		{3346F419-E5CA-47D8-BBE5-D8B6534BF173}.Debug|Any CPU.Build.0 = Debug|Any CPU
		{3346F419-E5CA-47D8-BBE5-D8B6534BF173}.Release|Any CPU.ActiveCfg = Release|Any CPU
		{3346F419-E5CA-47D8-BBE5-D8B6534BF173}.Release|Any CPU.Build.0 = Release|Any CPU
		{A8E76893-0D88-49B3-9DEB-5309825C42D1}.Debug|Any CPU.ActiveCfg = Debug|Any CPU
		{A8E76893-0D88-49B3-9DEB-5309825C42D1}.Debug|Any CPU.Build.0 = Debug|Any CPU
		{A8E76893-0D88-49B3-9DEB-5309825C42D1}.Release|Any CPU.ActiveCfg = Release|Any CPU
		{A8E76893-0D88-49B3-9DEB-5309825C42D1}.Release|Any CPU.Build.0 = Release|Any CPU
		{D1D4CE42-D4D8-4D48-9670-25D586CDEF33}.Debug|Any CPU.ActiveCfg = Debug|Any CPU
		{D1D4CE42-D4D8-4D48-9670-25D586CDEF33}.Debug|Any CPU.Build.0 = Debug|Any CPU
		{D1D4CE42-D4D8-4D48-9670-25D586CDEF33}.Release|Any CPU.ActiveCfg = Release|Any CPU
		{D1D4CE42-D4D8-4D48-9670-25D586CDEF33}.Release|Any CPU.Build.0 = Release|Any CPU
		{2F979706-C7EA-4D09-BC0A-E1F6AB3E3DEA}.Debug|Any CPU.ActiveCfg = Debug|Any CPU
		{2F979706-C7EA-4D09-BC0A-E1F6AB3E3DEA}.Debug|Any CPU.Build.0 = Debug|Any CPU
		{2F979706-C7EA-4D09-BC0A-E1F6AB3E3DEA}.Release|Any CPU.ActiveCfg = Release|Any CPU
		{2F979706-C7EA-4D09-BC0A-E1F6AB3E3DEA}.Release|Any CPU.Build.0 = Release|Any CPU
		{C5DAC26C-19D9-4498-B208-CE7C605B93A7}.Debug|Any CPU.ActiveCfg = Debug|Any CPU
		{C5DAC26C-19D9-4498-B208-CE7C605B93A7}.Debug|Any CPU.Build.0 = Debug|Any CPU
		{C5DAC26C-19D9-4498-B208-CE7C605B93A7}.Release|Any CPU.ActiveCfg = Release|Any CPU
		{C5DAC26C-19D9-4498-B208-CE7C605B93A7}.Release|Any CPU.Build.0 = Release|Any CPU
		{FD6C0ECF-5AB9-4B4A-96C7-41F73C6D5BC2}.Debug|Any CPU.ActiveCfg = Debug|Any CPU
		{FD6C0ECF-5AB9-4B4A-96C7-41F73C6D5BC2}.Debug|Any CPU.Build.0 = Debug|Any CPU
		{FD6C0ECF-5AB9-4B4A-96C7-41F73C6D5BC2}.Release|Any CPU.ActiveCfg = Release|Any CPU
		{FD6C0ECF-5AB9-4B4A-96C7-41F73C6D5BC2}.Release|Any CPU.Build.0 = Release|Any CPU
		{321AEF44-81C1-4BA0-B76B-AD2D953F31F6}.Debug|Any CPU.ActiveCfg = Debug|Any CPU
		{321AEF44-81C1-4BA0-B76B-AD2D953F31F6}.Debug|Any CPU.Build.0 = Debug|Any CPU
		{321AEF44-81C1-4BA0-B76B-AD2D953F31F6}.Release|Any CPU.ActiveCfg = Release|Any CPU
		{321AEF44-81C1-4BA0-B76B-AD2D953F31F6}.Release|Any CPU.Build.0 = Release|Any CPU
		{0DAD21E0-95A0-4059-8CDA-EEFA125BDDFD}.Debug|Any CPU.ActiveCfg = Debug|Any CPU
		{0DAD21E0-95A0-4059-8CDA-EEFA125BDDFD}.Debug|Any CPU.Build.0 = Debug|Any CPU
		{0DAD21E0-95A0-4059-8CDA-EEFA125BDDFD}.Release|Any CPU.ActiveCfg = Release|Any CPU
		{0DAD21E0-95A0-4059-8CDA-EEFA125BDDFD}.Release|Any CPU.Build.0 = Release|Any CPU
		{A75690AB-F160-47CB-B52C-7289EF356DDD}.Debug|Any CPU.ActiveCfg = Debug|Any CPU
		{A75690AB-F160-47CB-B52C-7289EF356DDD}.Debug|Any CPU.Build.0 = Debug|Any CPU
		{A75690AB-F160-47CB-B52C-7289EF356DDD}.Release|Any CPU.ActiveCfg = Release|Any CPU
		{A75690AB-F160-47CB-B52C-7289EF356DDD}.Release|Any CPU.Build.0 = Release|Any CPU
		{DA05DBE3-A346-468D-897E-BB3E957346D9}.Debug|Any CPU.ActiveCfg = Debug|Any CPU
		{DA05DBE3-A346-468D-897E-BB3E957346D9}.Debug|Any CPU.Build.0 = Debug|Any CPU
		{DA05DBE3-A346-468D-897E-BB3E957346D9}.Release|Any CPU.ActiveCfg = Release|Any CPU
		{DA05DBE3-A346-468D-897E-BB3E957346D9}.Release|Any CPU.Build.0 = Release|Any CPU
		{63467719-D809-4B8D-9F98-1F7AF4682AF8}.Debug|Any CPU.ActiveCfg = Debug|Any CPU
		{63467719-D809-4B8D-9F98-1F7AF4682AF8}.Debug|Any CPU.Build.0 = Debug|Any CPU
		{63467719-D809-4B8D-9F98-1F7AF4682AF8}.Release|Any CPU.ActiveCfg = Release|Any CPU
		{63467719-D809-4B8D-9F98-1F7AF4682AF8}.Release|Any CPU.Build.0 = Release|Any CPU
		{22E7DDCC-06E0-47CD-BAF5-0528AE37C407}.Debug|Any CPU.ActiveCfg = Debug|Any CPU
		{22E7DDCC-06E0-47CD-BAF5-0528AE37C407}.Debug|Any CPU.Build.0 = Debug|Any CPU
		{22E7DDCC-06E0-47CD-BAF5-0528AE37C407}.Release|Any CPU.ActiveCfg = Release|Any CPU
		{22E7DDCC-06E0-47CD-BAF5-0528AE37C407}.Release|Any CPU.Build.0 = Release|Any CPU
		{70093C65-FD7A-4AB4-B763-894B6D26B6E3}.Debug|Any CPU.ActiveCfg = Debug|Any CPU
		{70093C65-FD7A-4AB4-B763-894B6D26B6E3}.Debug|Any CPU.Build.0 = Debug|Any CPU
		{70093C65-FD7A-4AB4-B763-894B6D26B6E3}.Release|Any CPU.ActiveCfg = Release|Any CPU
		{70093C65-FD7A-4AB4-B763-894B6D26B6E3}.Release|Any CPU.Build.0 = Release|Any CPU
		{266A0002-B7D3-4CF1-AE87-673DE740C6EF}.Debug|Any CPU.ActiveCfg = Debug|Any CPU
		{266A0002-B7D3-4CF1-AE87-673DE740C6EF}.Debug|Any CPU.Build.0 = Debug|Any CPU
		{266A0002-B7D3-4CF1-AE87-673DE740C6EF}.Release|Any CPU.ActiveCfg = Release|Any CPU
		{266A0002-B7D3-4CF1-AE87-673DE740C6EF}.Release|Any CPU.Build.0 = Release|Any CPU
		{0246FB77-3DCF-4BD6-8881-08CEFAD713CA}.Debug|Any CPU.ActiveCfg = Debug|Any CPU
		{0246FB77-3DCF-4BD6-8881-08CEFAD713CA}.Debug|Any CPU.Build.0 = Debug|Any CPU
		{0246FB77-3DCF-4BD6-8881-08CEFAD713CA}.Release|Any CPU.ActiveCfg = Release|Any CPU
		{0246FB77-3DCF-4BD6-8881-08CEFAD713CA}.Release|Any CPU.Build.0 = Release|Any CPU
		{7B27ED22-7A69-45E8-9999-6D1A02AA24ED}.Debug|Any CPU.ActiveCfg = Debug|Any CPU
		{7B27ED22-7A69-45E8-9999-6D1A02AA24ED}.Debug|Any CPU.Build.0 = Debug|Any CPU
		{7B27ED22-7A69-45E8-9999-6D1A02AA24ED}.Release|Any CPU.ActiveCfg = Release|Any CPU
		{7B27ED22-7A69-45E8-9999-6D1A02AA24ED}.Release|Any CPU.Build.0 = Release|Any CPU
		{DD2B1C10-6F89-4F7F-A28D-FFA6EF8B9309}.Debug|Any CPU.ActiveCfg = Debug|Any CPU
		{DD2B1C10-6F89-4F7F-A28D-FFA6EF8B9309}.Debug|Any CPU.Build.0 = Debug|Any CPU
		{DD2B1C10-6F89-4F7F-A28D-FFA6EF8B9309}.Release|Any CPU.ActiveCfg = Release|Any CPU
		{DD2B1C10-6F89-4F7F-A28D-FFA6EF8B9309}.Release|Any CPU.Build.0 = Release|Any CPU
		{BE3DA515-04BA-4773-A56C-308643E490EE}.Debug|Any CPU.ActiveCfg = Debug|Any CPU
		{BE3DA515-04BA-4773-A56C-308643E490EE}.Debug|Any CPU.Build.0 = Debug|Any CPU
		{BE3DA515-04BA-4773-A56C-308643E490EE}.Release|Any CPU.ActiveCfg = Release|Any CPU
		{BE3DA515-04BA-4773-A56C-308643E490EE}.Release|Any CPU.Build.0 = Release|Any CPU
		{F4999175-559C-4A54-9670-34F9EAEAB5E9}.Debug|Any CPU.ActiveCfg = Debug|Any CPU
		{F4999175-559C-4A54-9670-34F9EAEAB5E9}.Debug|Any CPU.Build.0 = Debug|Any CPU
		{F4999175-559C-4A54-9670-34F9EAEAB5E9}.Release|Any CPU.ActiveCfg = Release|Any CPU
		{F4999175-559C-4A54-9670-34F9EAEAB5E9}.Release|Any CPU.Build.0 = Release|Any CPU
		{90705329-1432-4691-BE41-24C33CDE6A2F}.Debug|Any CPU.ActiveCfg = Debug|Any CPU
		{90705329-1432-4691-BE41-24C33CDE6A2F}.Debug|Any CPU.Build.0 = Debug|Any CPU
		{90705329-1432-4691-BE41-24C33CDE6A2F}.Release|Any CPU.ActiveCfg = Release|Any CPU
		{90705329-1432-4691-BE41-24C33CDE6A2F}.Release|Any CPU.Build.0 = Release|Any CPU
		{E2CDB905-DFD6-431F-9484-D4A57D1974CC}.Debug|Any CPU.ActiveCfg = Debug|Any CPU
		{E2CDB905-DFD6-431F-9484-D4A57D1974CC}.Debug|Any CPU.Build.0 = Debug|Any CPU
		{E2CDB905-DFD6-431F-9484-D4A57D1974CC}.Release|Any CPU.ActiveCfg = Release|Any CPU
		{E2CDB905-DFD6-431F-9484-D4A57D1974CC}.Release|Any CPU.Build.0 = Release|Any CPU
		{712979EA-492B-4B1A-8E69-1B78345AE85B}.Debug|Any CPU.ActiveCfg = Debug|Any CPU
		{712979EA-492B-4B1A-8E69-1B78345AE85B}.Debug|Any CPU.Build.0 = Debug|Any CPU
		{712979EA-492B-4B1A-8E69-1B78345AE85B}.Release|Any CPU.ActiveCfg = Release|Any CPU
		{712979EA-492B-4B1A-8E69-1B78345AE85B}.Release|Any CPU.Build.0 = Release|Any CPU
	EndGlobalSection
EndGlobal
