
Microsoft Visual Studio Solution File, Format Version 12.00
Project("{2150E333-8FDC-42A3-9474-1A3956D46DE8}") = "src", "src", "{22321F33-F0F3-4DD8-87CD-82630D85666B}"
EndProject
Project("{FAE04EC0-301F-11D3-BF4B-00C04F79EFBC}") = "ProperTea.AppHost", "src\ProperTea.AppHost\ProperTea.AppHost.csproj", "{13CC4F0D-224A-49A1-BCF4-13F1F5236A35}"
EndProject
Project("{2150E333-8FDC-42A3-9474-1A3956D46DE8}") = "tests", "tests", "{72E3094B-43E2-430B-8E2E-1FE346F905E3}"
EndProject
Project("{2150E333-8FDC-42A3-9474-1A3956D46DE8}") = "UserManagement", "UserManagement", "{0E869B60-17DE-4242-99B9-B0F79383C3E7}"
EndProject
Project("{FAE04EC0-301F-11D3-BF4B-00C04F79EFBC}") = "ProperTea.UserManagement.Api", "src\UserManagement\ProperTea.UserManagement.Api\ProperTea.UserManagement.Api.csproj", "{03AFA17F-C274-43DE-8523-4308D7E97A5C}"
EndProject
Project("{2150E333-8FDC-42A3-9474-1A3956D46DE8}") = "LandlordPortal", "LandlordPortal", "{EEF51F95-1765-4FCB-9309-6103C16310B8}"
EndProject
Project("{FAE04EC0-301F-11D3-BF4B-00C04F79EFBC}") = "ProperTea.Landlord.Bff", "src\LandlordPortal\ProperTea.Landlord.Bff\ProperTea.Landlord.Bff.csproj", "{E48E1EF1-C3C3-47C8-8842-FA6433B0178F}"
EndProject
Project("{2150E333-8FDC-42A3-9474-1A3956D46DE8}") = "Orchestration", "Orchestration", "{109510D6-F9FA-4A18-80AB-32BB1D5D0959}"
EndProject
Project("{FAE04EC0-301F-11D3-BF4B-00C04F79EFBC}") = "ProperTea.Gateway", "src\ProperTea.Gateway\ProperTea.Gateway.csproj", "{142E4A37-8C2C-4F01-8F1D-3C31B68105BF}"
EndProject
Project("{FAE04EC0-301F-11D3-BF4B-00C04F79EFBC}") = "ProperTea.WorkflowOrchestrator", "src\Orchestration\ProperTea.WorkflowOrchestrator\ProperTea.WorkflowOrchestrator.csproj", "{22393033-70DF-4D29-9A88-FB7BD7297D2B}"
EndProject
Project("{FAE04EC0-301F-11D3-BF4B-00C04F79EFBC}") = "ProperTea.UserManagement.MigrationService", "src\UserManagement\ProperTea.UserManagement.MigrationService\ProperTea.UserManagement.MigrationService.csproj", "{825A273B-103B-4961-822D-2DDD89341592}"
EndProject
Project("{FAE04EC0-301F-11D3-BF4B-00C04F79EFBC}") = "ProperTea.UserManagement.Domain", "src\UserManagement\ProperTea.UserManagement.Domain\ProperTea.UserManagement.Domain.csproj", "{68AE88DC-2EE1-4C75-A650-237DF2D8C8BB}"
EndProject
Project("{FAE04EC0-301F-11D3-BF4B-00C04F79EFBC}") = "ProperTea.UserManagement.Application", "src\UserManagement\ProperTea.UserManagement.Application\ProperTea.UserManagement.Application.csproj", "{2C9E12F1-9196-432A-BDA0-E43550B2ABAC}"
EndProject
Project("{FAE04EC0-301F-11D3-BF4B-00C04F79EFBC}") = "ProperTea.UserManagement.Infrastructure", "src\UserManagement\ProperTea.UserManagement.Infrastructure\ProperTea.UserManagement.Infrastructure.csproj", "{31F49633-1ABF-44CA-B177-50BF9990E006}"
EndProject
Project("{2150E333-8FDC-42A3-9474-1A3956D46DE8}") = "Identity", "Identity", "{E77D82D6-E2AC-4BAE-987A-CE68D15265A4}"
EndProject
Project("{2150E333-8FDC-42A3-9474-1A3956D46DE8}") = "templates", "templates", "{1F14D938-4B96-418E-852F-6BCE11BD686F}"
EndProject
Project("{FAE04EC0-301F-11D3-BF4B-00C04F79EFBC}") = "ProperTea.Service.Domain", "templates\ProperTea.Service\ProperTea.Service.Domain\ProperTea.Service.Domain.csproj", "{23B862EA-34E8-4292-8AF6-04A91FF66EFA}"
EndProject
Project("{2150E333-8FDC-42A3-9474-1A3956D46DE8}") = "Organization", "Organization", "{CE332DCD-F4F9-442E-BA30-72A3A466624E}"
EndProject
Project("{2150E333-8FDC-42A3-9474-1A3956D46DE8}") = "ProperTea.Service", "ProperTea.Service", "{072275F2-9E46-4313-9D53-587B342B0D0D}"
EndProject
Project("{FAE04EC0-301F-11D3-BF4B-00C04F79EFBC}") = "ProperTea.Service.Application", "templates\ProperTea.Service\ProperTea.Service.Application\ProperTea.Service.Application.csproj", "{AEF58ACB-FB6A-47C7-BF09-8A3B92C3C796}"
EndProject
Project("{FAE04EC0-301F-11D3-BF4B-00C04F79EFBC}") = "ProperTea.Service.Infrastructure", "templates\ProperTea.Service\ProperTea.Service.Infrastructure\ProperTea.Service.Infrastructure.csproj", "{20E86DB9-0A6E-41E9-8680-917DB3ADCC29}"
EndProject
Global
	GlobalSection(SolutionConfigurationPlatforms) = preSolution
		Debug|Any CPU = Debug|Any CPU
		Release|Any CPU = Release|Any CPU
	EndGlobalSection
	GlobalSection(NestedProjects) = preSolution
		{13CC4F0D-224A-49A1-BCF4-13F1F5236A35} = {22321F33-F0F3-4DD8-87CD-82630D85666B}
		{0E869B60-17DE-4242-99B9-B0F79383C3E7} = {22321F33-F0F3-4DD8-87CD-82630D85666B}
		{03AFA17F-C274-43DE-8523-4308D7E97A5C} = {0E869B60-17DE-4242-99B9-B0F79383C3E7}
		{EEF51F95-1765-4FCB-9309-6103C16310B8} = {22321F33-F0F3-4DD8-87CD-82630D85666B}
		{E48E1EF1-C3C3-47C8-8842-FA6433B0178F} = {EEF51F95-1765-4FCB-9309-6103C16310B8}
		{109510D6-F9FA-4A18-80AB-32BB1D5D0959} = {22321F33-F0F3-4DD8-87CD-82630D85666B}
		{142E4A37-8C2C-4F01-8F1D-3C31B68105BF} = {22321F33-F0F3-4DD8-87CD-82630D85666B}
		{22393033-70DF-4D29-9A88-FB7BD7297D2B} = {109510D6-F9FA-4A18-80AB-32BB1D5D0959}
		{825A273B-103B-4961-822D-2DDD89341592} = {0E869B60-17DE-4242-99B9-B0F79383C3E7}
		{68AE88DC-2EE1-4C75-A650-237DF2D8C8BB} = {0E869B60-17DE-4242-99B9-B0F79383C3E7}
		{2C9E12F1-9196-432A-BDA0-E43550B2ABAC} = {0E869B60-17DE-4242-99B9-B0F79383C3E7}
		{31F49633-1ABF-44CA-B177-50BF9990E006} = {0E869B60-17DE-4242-99B9-B0F79383C3E7}
		{E77D82D6-E2AC-4BAE-987A-CE68D15265A4} = {22321F33-F0F3-4DD8-87CD-82630D85666B}
		{CE332DCD-F4F9-442E-BA30-72A3A466624E} = {22321F33-F0F3-4DD8-87CD-82630D85666B}
		{072275F2-9E46-4313-9D53-587B342B0D0D} = {1F14D938-4B96-418E-852F-6BCE11BD686F}
		{23B862EA-34E8-4292-8AF6-04A91FF66EFA} = {072275F2-9E46-4313-9D53-587B342B0D0D}
		{AEF58ACB-FB6A-47C7-BF09-8A3B92C3C796} = {072275F2-9E46-4313-9D53-587B342B0D0D}
		{20E86DB9-0A6E-41E9-8680-917DB3ADCC29} = {072275F2-9E46-4313-9D53-587B342B0D0D}
	EndGlobalSection
	GlobalSection(ProjectConfigurationPlatforms) = postSolution
		{13CC4F0D-224A-49A1-BCF4-13F1F5236A35}.Debug|Any CPU.ActiveCfg = Debug|Any CPU
		{13CC4F0D-224A-49A1-BCF4-13F1F5236A35}.Debug|Any CPU.Build.0 = Debug|Any CPU
		{13CC4F0D-224A-49A1-BCF4-13F1F5236A35}.Release|Any CPU.ActiveCfg = Release|Any CPU
		{13CC4F0D-224A-49A1-BCF4-13F1F5236A35}.Release|Any CPU.Build.0 = Release|Any CPU
		{03AFA17F-C274-43DE-8523-4308D7E97A5C}.Debug|Any CPU.ActiveCfg = Debug|Any CPU
		{03AFA17F-C274-43DE-8523-4308D7E97A5C}.Debug|Any CPU.Build.0 = Debug|Any CPU
		{03AFA17F-C274-43DE-8523-4308D7E97A5C}.Release|Any CPU.ActiveCfg = Release|Any CPU
		{03AFA17F-C274-43DE-8523-4308D7E97A5C}.Release|Any CPU.Build.0 = Release|Any CPU
		{E48E1EF1-C3C3-47C8-8842-FA6433B0178F}.Debug|Any CPU.ActiveCfg = Debug|Any CPU
		{E48E1EF1-C3C3-47C8-8842-FA6433B0178F}.Debug|Any CPU.Build.0 = Debug|Any CPU
		{E48E1EF1-C3C3-47C8-8842-FA6433B0178F}.Release|Any CPU.ActiveCfg = Release|Any CPU
		{E48E1EF1-C3C3-47C8-8842-FA6433B0178F}.Release|Any CPU.Build.0 = Release|Any CPU
		{142E4A37-8C2C-4F01-8F1D-3C31B68105BF}.Debug|Any CPU.ActiveCfg = Debug|Any CPU
		{142E4A37-8C2C-4F01-8F1D-3C31B68105BF}.Debug|Any CPU.Build.0 = Debug|Any CPU
		{142E4A37-8C2C-4F01-8F1D-3C31B68105BF}.Release|Any CPU.ActiveCfg = Release|Any CPU
		{142E4A37-8C2C-4F01-8F1D-3C31B68105BF}.Release|Any CPU.Build.0 = Release|Any CPU
		{22393033-70DF-4D29-9A88-FB7BD7297D2B}.Debug|Any CPU.ActiveCfg = Debug|Any CPU
		{22393033-70DF-4D29-9A88-FB7BD7297D2B}.Debug|Any CPU.Build.0 = Debug|Any CPU
		{22393033-70DF-4D29-9A88-FB7BD7297D2B}.Release|Any CPU.ActiveCfg = Release|Any CPU
		{22393033-70DF-4D29-9A88-FB7BD7297D2B}.Release|Any CPU.Build.0 = Release|Any CPU
		{825A273B-103B-4961-822D-2DDD89341592}.Debug|Any CPU.ActiveCfg = Debug|Any CPU
		{825A273B-103B-4961-822D-2DDD89341592}.Debug|Any CPU.Build.0 = Debug|Any CPU
		{825A273B-103B-4961-822D-2DDD89341592}.Release|Any CPU.ActiveCfg = Release|Any CPU
		{825A273B-103B-4961-822D-2DDD89341592}.Release|Any CPU.Build.0 = Release|Any CPU
		{68AE88DC-2EE1-4C75-A650-237DF2D8C8BB}.Debug|Any CPU.ActiveCfg = Debug|Any CPU
		{68AE88DC-2EE1-4C75-A650-237DF2D8C8BB}.Debug|Any CPU.Build.0 = Debug|Any CPU
		{68AE88DC-2EE1-4C75-A650-237DF2D8C8BB}.Release|Any CPU.ActiveCfg = Release|Any CPU
		{68AE88DC-2EE1-4C75-A650-237DF2D8C8BB}.Release|Any CPU.Build.0 = Release|Any CPU
		{2C9E12F1-9196-432A-BDA0-E43550B2ABAC}.Debug|Any CPU.ActiveCfg = Debug|Any CPU
		{2C9E12F1-9196-432A-BDA0-E43550B2ABAC}.Debug|Any CPU.Build.0 = Debug|Any CPU
		{2C9E12F1-9196-432A-BDA0-E43550B2ABAC}.Release|Any CPU.ActiveCfg = Release|Any CPU
		{2C9E12F1-9196-432A-BDA0-E43550B2ABAC}.Release|Any CPU.Build.0 = Release|Any CPU
		{31F49633-1ABF-44CA-B177-50BF9990E006}.Debug|Any CPU.ActiveCfg = Debug|Any CPU
		{31F49633-1ABF-44CA-B177-50BF9990E006}.Debug|Any CPU.Build.0 = Debug|Any CPU
		{31F49633-1ABF-44CA-B177-50BF9990E006}.Release|Any CPU.ActiveCfg = Release|Any CPU
		{31F49633-1ABF-44CA-B177-50BF9990E006}.Release|Any CPU.Build.0 = Release|Any CPU
		{23B862EA-34E8-4292-8AF6-04A91FF66EFA}.Debug|Any CPU.ActiveCfg = Debug|Any CPU
		{23B862EA-34E8-4292-8AF6-04A91FF66EFA}.Debug|Any CPU.Build.0 = Debug|Any CPU
		{23B862EA-34E8-4292-8AF6-04A91FF66EFA}.Release|Any CPU.ActiveCfg = Release|Any CPU
		{23B862EA-34E8-4292-8AF6-04A91FF66EFA}.Release|Any CPU.Build.0 = Release|Any CPU
		{AEF58ACB-FB6A-47C7-BF09-8A3B92C3C796}.Debug|Any CPU.ActiveCfg = Debug|Any CPU
		{AEF58ACB-FB6A-47C7-BF09-8A3B92C3C796}.Debug|Any CPU.Build.0 = Debug|Any CPU
		{AEF58ACB-FB6A-47C7-BF09-8A3B92C3C796}.Release|Any CPU.ActiveCfg = Release|Any CPU
		{AEF58ACB-FB6A-47C7-BF09-8A3B92C3C796}.Release|Any CPU.Build.0 = Release|Any CPU
		{20E86DB9-0A6E-41E9-8680-917DB3ADCC29}.Debug|Any CPU.ActiveCfg = Debug|Any CPU
		{20E86DB9-0A6E-41E9-8680-917DB3ADCC29}.Debug|Any CPU.Build.0 = Debug|Any CPU
		{20E86DB9-0A6E-41E9-8680-917DB3ADCC29}.Release|Any CPU.ActiveCfg = Release|Any CPU
		{20E86DB9-0A6E-41E9-8680-917DB3ADCC29}.Release|Any CPU.Build.0 = Release|Any CPU
	EndGlobalSection
EndGlobal
