
Microsoft Visual Studio Solution File, Format Version 12.00
# Visual Studio Version 17
VisualStudioVersion = 17.0.31903.59
MinimumVisualStudioVersion = 10.0.40219.1
Project("{FAE04EC0-301F-11D3-BF4B-00C04F79EFBC}") = "ProperTea.Property.Api", "ProperTea.Property.Api\ProperTea.Property.Api.csproj", "{7FFFB8E0-0104-40C1-B03A-7E124E4AD813}"
EndProject
Project("{FAE04EC0-301F-11D3-BF4B-00C04F79EFBC}") = "ProperTea.Property.Domain", "ProperTea.Property.Domain\ProperTea.Property.Domain.csproj", "{7ACCD64E-A024-4ADD-A7F8-A07423F854A1}"
EndProject
Project("{FAE04EC0-301F-11D3-BF4B-00C04F79EFBC}") = "ProperTea.Property.Application", "ProperTea.Property.Application\ProperTea.Property.Application.csproj", "{F1A175DD-ACDA-40D6-8C1E-BAFE0FCCE6BE}"
EndProject
Project("{FAE04EC0-301F-11D3-BF4B-00C04F79EFBC}") = "ProperTea.Property.Infrastructure", "ProperTea.Property.Infrastructure\ProperTea.Property.Infrastructure.csproj", "{111732ED-0968-40C0-BE77-356429B85434}"
EndProject
Global
	GlobalSection(SolutionConfigurationPlatforms) = preSolution
		Debug|Any CPU = Debug|Any CPU
		Release|Any CPU = Release|Any CPU
	EndGlobalSection
	GlobalSection(SolutionProperties) = preSolution
		HideSolutionNode = FALSE
	EndGlobalSection
	GlobalSection(ProjectConfigurationPlatforms) = postSolution
		{7FFFB8E0-0104-40C1-B03A-7E124E4AD813}.Debug|Any CPU.ActiveCfg = Debug|Any CPU
		{7FFFB8E0-0104-40C1-B03A-7E124E4AD813}.Debug|Any CPU.Build.0 = Debug|Any CPU
		{7FFFB8E0-0104-40C1-B03A-7E124E4AD813}.Release|Any CPU.ActiveCfg = Release|Any CPU
		{7FFFB8E0-0104-40C1-B03A-7E124E4AD813}.Release|Any CPU.Build.0 = Release|Any CPU
		{7ACCD64E-A024-4ADD-A7F8-A07423F854A1}.Debug|Any CPU.ActiveCfg = Debug|Any CPU
		{7ACCD64E-A024-4ADD-A7F8-A07423F854A1}.Debug|Any CPU.Build.0 = Debug|Any CPU
		{7ACCD64E-A024-4ADD-A7F8-A07423F854A1}.Release|Any CPU.ActiveCfg = Release|Any CPU
		{7ACCD64E-A024-4ADD-A7F8-A07423F854A1}.Release|Any CPU.Build.0 = Release|Any CPU
		{F1A175DD-ACDA-40D6-8C1E-BAFE0FCCE6BE}.Debug|Any CPU.ActiveCfg = Debug|Any CPU
		{F1A175DD-ACDA-40D6-8C1E-BAFE0FCCE6BE}.Debug|Any CPU.Build.0 = Debug|Any CPU
		{F1A175DD-ACDA-40D6-8C1E-BAFE0FCCE6BE}.Release|Any CPU.ActiveCfg = Release|Any CPU
		{F1A175DD-ACDA-40D6-8C1E-BAFE0FCCE6BE}.Release|Any CPU.Build.0 = Release|Any CPU
		{111732ED-0968-40C0-BE77-356429B85434}.Debug|Any CPU.ActiveCfg = Debug|Any CPU
		{111732ED-0968-40C0-BE77-356429B85434}.Debug|Any CPU.Build.0 = Debug|Any CPU
		{111732ED-0968-40C0-BE77-356429B85434}.Release|Any CPU.ActiveCfg = Release|Any CPU
		{111732ED-0968-40C0-BE77-356429B85434}.Release|Any CPU.Build.0 = Release|Any CPU
	EndGlobalSection
EndGlobal
